
Microsoft Visual Studio Solution File, Format Version 12.00
# Visual Studio Version 17
VisualStudioVersion = 17.14.36310.24 d17.14
MinimumVisualStudioVersion = 10.0.40219.1
Project("{FAE04EC0-301F-11D3-BF4B-00C04F79EFBC}") = "POE", "POE\POE.csproj", "{50BAA7E2-76F1-4585-A08C-468EBC779C4D}"
EndProject
Global
	GlobalSection(SolutionConfigurationPlatforms) = preSolution
		Debug|Any CPU = Debug|Any CPU
		Release|Any CPU = Release|Any CPU
	EndGlobalSection
	GlobalSection(ProjectConfigurationPlatforms) = postSolution
		{50BAA7E2-76F1-4585-A08C-468EBC779C4D}.Debug|Any CPU.ActiveCfg = Debug|Any CPU
		{50BAA7E2-76F1-4585-A08C-468EBC779C4D}.Debug|Any CPU.Build.0 = Debug|Any CPU
		{50BAA7E2-76F1-4585-A08C-468EBC779C4D}.Release|Any CPU.ActiveCfg = Release|Any CPU
		{50BAA7E2-76F1-4585-A08C-468EBC779C4D}.Release|Any CPU.Build.0 = Release|Any CPU
	EndGlobalSection
	GlobalSection(SolutionProperties) = preSolution
		HideSolutionNode = FALSE
	EndGlobalSection
	GlobalSection(ExtensibilityGlobals) = postSolution
		SolutionGuid = {F0A1612C-F631-4E48-A7EC-B2CA4BE41523}
	EndGlobalSection
EndGlobal
